
Microsoft Visual Studio Solution File, Format Version 12.00
# Visual Studio Version 16
VisualStudioVersion = 16.0.30907.101
MinimumVisualStudioVersion = 10.0.40219.1
Project("{FAE04EC0-301F-11D3-BF4B-00C04F79EFBC}") = "Compression", "Compression\Compression.csproj", "{164DAEFB-69BB-4292-8DC8-E6CFED8EA133}"
EndProject
Project("{FAE04EC0-301F-11D3-BF4B-00C04F79EFBC}") = "Symmetric", "Symmetric\Symmetric.csproj", "{1D040BC9-C759-4E94-916A-367E6854FCE5}"
EndProject
Global
	GlobalSection(SolutionConfigurationPlatforms) = preSolution
		Debug|Any CPU = Debug|Any CPU
		Release|Any CPU = Release|Any CPU
	EndGlobalSection
	GlobalSection(ProjectConfigurationPlatforms) = postSolution
		{164DAEFB-69BB-4292-8DC8-E6CFED8EA133}.Debug|Any CPU.ActiveCfg = Debug|Any CPU
		{164DAEFB-69BB-4292-8DC8-E6CFED8EA133}.Debug|Any CPU.Build.0 = Debug|Any CPU
		{164DAEFB-69BB-4292-8DC8-E6CFED8EA133}.Release|Any CPU.ActiveCfg = Release|Any CPU
		{164DAEFB-69BB-4292-8DC8-E6CFED8EA133}.Release|Any CPU.Build.0 = Release|Any CPU
		{1D040BC9-C759-4E94-916A-367E6854FCE5}.Debug|Any CPU.ActiveCfg = Debug|Any CPU
		{1D040BC9-C759-4E94-916A-367E6854FCE5}.Debug|Any CPU.Build.0 = Debug|Any CPU
		{1D040BC9-C759-4E94-916A-367E6854FCE5}.Release|Any CPU.ActiveCfg = Release|Any CPU
		{1D040BC9-C759-4E94-916A-367E6854FCE5}.Release|Any CPU.Build.0 = Release|Any CPU
	EndGlobalSection
	GlobalSection(SolutionProperties) = preSolution
		HideSolutionNode = FALSE
	EndGlobalSection
	GlobalSection(ExtensibilityGlobals) = postSolution
		SolutionGuid = {74AB5986-CEC1-46A4-A556-141A13D739F2}
	EndGlobalSection
EndGlobal
